// !$*UTF8*$!
{
	archiveVersion = 1;
	classes = {
	};
	objectVersion = 77;
	objects = {

/* Begin PBXContainerItemProxy section */
		240768FF2D49159900885E95 /* PBXContainerItemProxy */ = {
			isa = PBXContainerItemProxy;
			containerPortal = 240768E02D49159800885E95 /* Project object */;
			proxyType = 1;
			remoteGlobalIDString = 240768E72D49159800885E95;
			remoteInfo = Architecture;
		};
		240769092D49159900885E95 /* PBXContainerItemProxy */ = {
			isa = PBXContainerItemProxy;
			containerPortal = 240768E02D49159800885E95 /* Project object */;
			proxyType = 1;
			remoteGlobalIDString = 240768E72D49159800885E95;
			remoteInfo = Architecture;
		};
/* End PBXContainerItemProxy section */

/* Begin PBXFileReference section */
		240768E82D49159800885E95 /* Architecture.app */ = {isa = PBXFileReference; explicitFileType = wrapper.application; includeInIndex = 0; path = Architecture.app; sourceTree = BUILT_PRODUCTS_DIR; };
		240768FE2D49159900885E95 /* ArchitectureTests.xctest */ = {isa = PBXFileReference; explicitFileType = wrapper.cfbundle; includeInIndex = 0; path = ArchitectureTests.xctest; sourceTree = BUILT_PRODUCTS_DIR; };
		240769082D49159900885E95 /* ArchitectureUITests.xctest */ = {isa = PBXFileReference; explicitFileType = wrapper.cfbundle; includeInIndex = 0; path = ArchitectureUITests.xctest; sourceTree = BUILT_PRODUCTS_DIR; };
/* End PBXFileReference section */

/* Begin PBXFileSystemSynchronizedBuildFileExceptionSet section */
		240769102D49159900885E95 /* Exceptions for "Architecture" folder in "Architecture" target */ = {
			isa = PBXFileSystemSynchronizedBuildFileExceptionSet;
			membershipExceptions = (
				Info.plist,
				MyLibrary,
			);
			target = 240768E72D49159800885E95 /* Architecture */;
		};
/* End PBXFileSystemSynchronizedBuildFileExceptionSet section */

/* Begin PBXFileSystemSynchronizedRootGroup section */
		240768EA2D49159800885E95 /* Architecture */ = {
			isa = PBXFileSystemSynchronizedRootGroup;
			exceptions = (
				240769102D49159900885E95 /* Exceptions for "Architecture" folder in "Architecture" target */,
			);
			path = Architecture;
			sourceTree = "<group>";
		};
		240769012D49159900885E95 /* ArchitectureTests */ = {
			isa = PBXFileSystemSynchronizedRootGroup;
			path = ArchitectureTests;
			sourceTree = "<group>";
		};
		2407690B2D49159900885E95 /* ArchitectureUITests */ = {
			isa = PBXFileSystemSynchronizedRootGroup;
			path = ArchitectureUITests;
			sourceTree = "<group>";
		};
/* End PBXFileSystemSynchronizedRootGroup section */

/* Begin PBXFrameworksBuildPhase section */
		240768E52D49159800885E95 /* Frameworks */ = {
			isa = PBXFrameworksBuildPhase;
			buildActionMask = 2147483647;
			files = (
			);
			runOnlyForDeploymentPostprocessing = 0;
		};
		240768FB2D49159900885E95 /* Frameworks */ = {
			isa = PBXFrameworksBuildPhase;
			buildActionMask = 2147483647;
			files = (
			);
			runOnlyForDeploymentPostprocessing = 0;
		};
		240769052D49159900885E95 /* Frameworks */ = {
			isa = PBXFrameworksBuildPhase;
			buildActionMask = 2147483647;
			files = (
			);
			runOnlyForDeploymentPostprocessing = 0;
		};
/* End PBXFrameworksBuildPhase section */

/* Begin PBXGroup section */
		240768DF2D49159800885E95 = {
			isa = PBXGroup;
			children = (
				240768EA2D49159800885E95 /* Architecture */,
				240769012D49159900885E95 /* ArchitectureTests */,
				2407690B2D49159900885E95 /* ArchitectureUITests */,
				240768E92D49159800885E95 /* Products */,
			);
			sourceTree = "<group>";
		};
		240768E92D49159800885E95 /* Products */ = {
			isa = PBXGroup;
			children = (
				240768E82D49159800885E95 /* Architecture.app */,
				240768FE2D49159900885E95 /* ArchitectureTests.xctest */,
				240769082D49159900885E95 /* ArchitectureUITests.xctest */,
			);
			name = Products;
			sourceTree = "<group>";
		};
/* End PBXGroup section */

/* Begin PBXNativeTarget section */
		240768E72D49159800885E95 /* Architecture */ = {
			isa = PBXNativeTarget;
			buildConfigurationList = 240769112D49159900885E95 /* Build configuration list for PBXNativeTarget "Architecture" */;
			buildPhases = (
				240768E42D49159800885E95 /* Sources */,
				240768E52D49159800885E95 /* Frameworks */,
				240768E62D49159800885E95 /* Resources */,
			);
			buildRules = (
			);
			dependencies = (
			);
			fileSystemSynchronizedGroups = (
				240768EA2D49159800885E95 /* Architecture */,
			);
			name = Architecture;
			packageProductDependencies = (
			);
			productName = Architecture;
			productReference = 240768E82D49159800885E95 /* Architecture.app */;
			productType = "com.apple.product-type.application";
		};
		240768FD2D49159900885E95 /* ArchitectureTests */ = {
			isa = PBXNativeTarget;
			buildConfigurationList = 240769162D49159900885E95 /* Build configuration list for PBXNativeTarget "ArchitectureTests" */;
			buildPhases = (
				240768FA2D49159900885E95 /* Sources */,
				240768FB2D49159900885E95 /* Frameworks */,
				240768FC2D49159900885E95 /* Resources */,
			);
			buildRules = (
			);
			dependencies = (
				240769002D49159900885E95 /* PBXTargetDependency */,
			);
			fileSystemSynchronizedGroups = (
				240769012D49159900885E95 /* ArchitectureTests */,
			);
			name = ArchitectureTests;
			packageProductDependencies = (
			);
			productName = ArchitectureTests;
			productReference = 240768FE2D49159900885E95 /* ArchitectureTests.xctest */;
			productType = "com.apple.product-type.bundle.unit-test";
		};
		240769072D49159900885E95 /* ArchitectureUITests */ = {
			isa = PBXNativeTarget;
			buildConfigurationList = 240769192D49159900885E95 /* Build configuration list for PBXNativeTarget "ArchitectureUITests" */;
			buildPhases = (
				240769042D49159900885E95 /* Sources */,
				240769052D49159900885E95 /* Frameworks */,
				240769062D49159900885E95 /* Resources */,
			);
			buildRules = (
			);
			dependencies = (
				2407690A2D49159900885E95 /* PBXTargetDependency */,
			);
			fileSystemSynchronizedGroups = (
				2407690B2D49159900885E95 /* ArchitectureUITests */,
			);
			name = ArchitectureUITests;
			packageProductDependencies = (
			);
			productName = ArchitectureUITests;
			productReference = 240769082D49159900885E95 /* ArchitectureUITests.xctest */;
			productType = "com.apple.product-type.bundle.ui-testing";
		};
/* End PBXNativeTarget section */

/* Begin PBXProject section */
		240768E02D49159800885E95 /* Project object */ = {
			isa = PBXProject;
			attributes = {
				BuildIndependentTargetsInParallel = 1;
				LastSwiftUpdateCheck = 1620;
				LastUpgradeCheck = 1620;
				TargetAttributes = {
					240768E72D49159800885E95 = {
						CreatedOnToolsVersion = 16.2;
					};
					240768FD2D49159900885E95 = {
						CreatedOnToolsVersion = 16.2;
						TestTargetID = 240768E72D49159800885E95;
					};
					240769072D49159900885E95 = {
						CreatedOnToolsVersion = 16.2;
						TestTargetID = 240768E72D49159800885E95;
					};
				};
			};
			buildConfigurationList = 240768E32D49159800885E95 /* Build configuration list for PBXProject "Architecture" */;
			developmentRegion = en;
			hasScannedForEncodings = 0;
			knownRegions = (
				en,
				Base,
			);
			mainGroup = 240768DF2D49159800885E95;
			minimizedProjectReferenceProxies = 1;
			packageReferences = (
				2407691D2D49188700885E95 /* XCLocalSwiftPackageReference "Architecture/MyLibrary" */,
			);
			preferredProjectObjectVersion = 77;
			productRefGroup = 240768E92D49159800885E95 /* Products */;
			projectDirPath = "";
			projectRoot = "";
			targets = (
				240768E72D49159800885E95 /* Architecture */,
				240768FD2D49159900885E95 /* ArchitectureTests */,
				240769072D49159900885E95 /* ArchitectureUITests */,
			);
		};
/* End PBXProject section */

/* Begin PBXResourcesBuildPhase section */
		240768E62D49159800885E95 /* Resources */ = {
			isa = PBXResourcesBuildPhase;
			buildActionMask = 2147483647;
			files = (
			);
			runOnlyForDeploymentPostprocessing = 0;
		};
		240768FC2D49159900885E95 /* Resources */ = {
			isa = PBXResourcesBuildPhase;
			buildActionMask = 2147483647;
			files = (
			);
			runOnlyForDeploymentPostprocessing = 0;
		};
		240769062D49159900885E95 /* Resources */ = {
			isa = PBXResourcesBuildPhase;
			buildActionMask = 2147483647;
			files = (
			);
			runOnlyForDeploymentPostprocessing = 0;
		};
/* End PBXResourcesBuildPhase section */

/* Begin PBXSourcesBuildPhase section */
		240768E42D49159800885E95 /* Sources */ = {
			isa = PBXSourcesBuildPhase;
			buildActionMask = 2147483647;
			files = (
			);
			runOnlyForDeploymentPostprocessing = 0;
		};
		240768FA2D49159900885E95 /* Sources */ = {
			isa = PBXSourcesBuildPhase;
			buildActionMask = 2147483647;
			files = (
			);
			runOnlyForDeploymentPostprocessing = 0;
		};
		240769042D49159900885E95 /* Sources */ = {
			isa = PBXSourcesBuildPhase;
			buildActionMask = 2147483647;
			files = (
			);
			runOnlyForDeploymentPostprocessing = 0;
		};
/* End PBXSourcesBuildPhase section */

/* Begin PBXTargetDependency section */
		240769002D49159900885E95 /* PBXTargetDependency */ = {
			isa = PBXTargetDependency;
			target = 240768E72D49159800885E95 /* Architecture */;
			targetProxy = 240768FF2D49159900885E95 /* PBXContainerItemProxy */;
		};
		2407690A2D49159900885E95 /* PBXTargetDependency */ = {
			isa = PBXTargetDependency;
			target = 240768E72D49159800885E95 /* Architecture */;
			targetProxy = 240769092D49159900885E95 /* PBXContainerItemProxy */;
		};
/* End PBXTargetDependency section */

/* Begin XCBuildConfiguration section */
		240769122D49159900885E95 /* Debug */ = {
			isa = XCBuildConfiguration;
			buildSettings = {
				ASSETCATALOG_COMPILER_APPICON_NAME = AppIcon;
				ASSETCATALOG_COMPILER_GLOBAL_ACCENT_COLOR_NAME = AccentColor;
				CODE_SIGN_STYLE = Automatic;
				CURRENT_PROJECT_VERSION = 1;
				DEVELOPMENT_TEAM = QN47Y6PLU8;
				GENERATE_INFOPLIST_FILE = YES;
				INFOPLIST_FILE = Architecture/Info.plist;
				INFOPLIST_KEY_UIApplicationSupportsIndirectInputEvents = YES;
				INFOPLIST_KEY_UILaunchStoryboardName = LaunchScreen;
				INFOPLIST_KEY_UIMainStoryboardFile = Main;
				INFOPLIST_KEY_UISupportedInterfaceOrientations_iPad = "UIInterfaceOrientationPortrait UIInterfaceOrientationPortraitUpsideDown UIInterfaceOrientationLandscapeLeft UIInterfaceOrientationLandscapeRight";
				INFOPLIST_KEY_UISupportedInterfaceOrientations_iPhone = "UIInterfaceOrientationPortrait UIInterfaceOrientationLandscapeLeft UIInterfaceOrientationLandscapeRight";
				LD_RUNPATH_SEARCH_PATHS = (
					"$(inherited)",
					"@executable_path/Frameworks",
				);
				MARKETING_VERSION = 1.0;
				PRODUCT_BUNDLE_IDENTIFIER = Teach.Architecture;
				PRODUCT_NAME = "$(TARGET_NAME)";
				SWIFT_EMIT_LOC_STRINGS = YES;
				SWIFT_VERSION = 5.0;
				TARGETED_DEVICE_FAMILY = "1,2";
			};
			name = Debug;
		};
		240769132D49159900885E95 /* Release */ = {
			isa = XCBuildConfiguration;
			buildSettings = {
				ASSETCATALOG_COMPILER_APPICON_NAME = AppIcon;
				ASSETCATALOG_COMPILER_GLOBAL_ACCENT_COLOR_NAME = AccentColor;
				CODE_SIGN_STYLE = Automatic;
				CURRENT_PROJECT_VERSION = 1;
				DEVELOPMENT_TEAM = QN47Y6PLU8;
				GENERATE_INFOPLIST_FILE = YES;
				INFOPLIST_FILE = Architecture/Info.plist;
				INFOPLIST_KEY_UIApplicationSupportsIndirectInputEvents = YES;
				INFOPLIST_KEY_UILaunchStoryboardName = LaunchScreen;
				INFOPLIST_KEY_UIMainStoryboardFile = Main;
				INFOPLIST_KEY_UISupportedInterfaceOrientations_iPad = "UIInterfaceOrientationPortrait UIInterfaceOrientationPortraitUpsideDown UIInterfaceOrientationLandscapeLeft UIInterfaceOrientationLandscapeRight";
				INFOPLIST_KEY_UISupportedInterfaceOrientations_iPhone = "UIInterfaceOrientationPortrait UIInterfaceOrientationLandscapeLeft UIInterfaceOrientationLandscapeRight";
				LD_RUNPATH_SEARCH_PATHS = (
					"$(inherited)",
					"@executable_path/Frameworks",
				);
				MARKETING_VERSION = 1.0;
				PRODUCT_BUNDLE_IDENTIFIER = Teach.Architecture;
				PRODUCT_NAME = "$(TARGET_NAME)";
				SWIFT_EMIT_LOC_STRINGS = YES;
				SWIFT_VERSION = 5.0;
				TARGETED_DEVICE_FAMILY = "1,2";
			};
			name = Release;
		};
		240769142D49159900885E95 /* Debug */ = {
			isa = XCBuildConfiguration;
			buildSettings = {
				ALWAYS_SEARCH_USER_PATHS = NO;
				ASSETCATALOG_COMPILER_GENERATE_SWIFT_ASSET_SYMBOL_EXTENSIONS = YES;
				CLANG_ANALYZER_NONNULL = YES;
				CLANG_ANALYZER_NUMBER_OBJECT_CONVERSION = YES_AGGRESSIVE;
				CLANG_CXX_LANGUAGE_STANDARD = "gnu++20";
				CLANG_ENABLE_MODULES = YES;
				CLANG_ENABLE_OBJC_ARC = YES;
				CLANG_ENABLE_OBJC_WEAK = YES;
				CLANG_WARN_BLOCK_CAPTURE_AUTORELEASING = YES;
				CLANG_WARN_BOOL_CONVERSION = YES;
				CLANG_WARN_COMMA = YES;
				CLANG_WARN_CONSTANT_CONVERSION = YES;
				CLANG_WARN_DEPRECATED_OBJC_IMPLEMENTATIONS = YES;
				CLANG_WARN_DIRECT_OBJC_ISA_USAGE = YES_ERROR;
				CLANG_WARN_DOCUMENTATION_COMMENTS = YES;
				CLANG_WARN_EMPTY_BODY = YES;
				CLANG_WARN_ENUM_CONVERSION = YES;
				CLANG_WARN_INFINITE_RECURSION = YES;
				CLANG_WARN_INT_CONVERSION = YES;
				CLANG_WARN_NON_LITERAL_NULL_CONVERSION = YES;
				CLANG_WARN_OBJC_IMPLICIT_RETAIN_SELF = YES;
				CLANG_WARN_OBJC_LITERAL_CONVERSION = YES;
				CLANG_WARN_OBJC_ROOT_CLASS = YES_ERROR;
				CLANG_WARN_QUOTED_INCLUDE_IN_FRAMEWORK_HEADER = YES;
				CLANG_WARN_RANGE_LOOP_ANALYSIS = YES;
				CLANG_WARN_STRICT_PROTOTYPES = YES;
				CLANG_WARN_SUSPICIOUS_MOVE = YES;
				CLANG_WARN_UNGUARDED_AVAILABILITY = YES_AGGRESSIVE;
				CLANG_WARN_UNREACHABLE_CODE = YES;
				CLANG_WARN__DUPLICATE_METHOD_MATCH = YES;
				COPY_PHASE_STRIP = NO;
				DEBUG_INFORMATION_FORMAT = dwarf;
				ENABLE_STRICT_OBJC_MSGSEND = YES;
				ENABLE_TESTABILITY = YES;
				ENABLE_USER_SCRIPT_SANDBOXING = YES;
				GCC_C_LANGUAGE_STANDARD = gnu17;
				GCC_DYNAMIC_NO_PIC = NO;
				GCC_NO_COMMON_BLOCKS = YES;
				GCC_OPTIMIZATION_LEVEL = 0;
				GCC_PREPROCESSOR_DEFINITIONS = (
					"DEBUG=1",
					"$(inherited)",
				);
				GCC_WARN_64_TO_32_BIT_CONVERSION = YES;
				GCC_WARN_ABOUT_RETURN_TYPE = YES_ERROR;
				GCC_WARN_UNDECLARED_SELECTOR = YES;
				GCC_WARN_UNINITIALIZED_AUTOS = YES_AGGRESSIVE;
				GCC_WARN_UNUSED_FUNCTION = YES;
				GCC_WARN_UNUSED_VARIABLE = YES;
				IPHONEOS_DEPLOYMENT_TARGET = 18.2;
				LOCALIZATION_PREFERS_STRING_CATALOGS = YES;
				MTL_ENABLE_DEBUG_INFO = INCLUDE_SOURCE;
				MTL_FAST_MATH = YES;
				ONLY_ACTIVE_ARCH = YES;
				SDKROOT = iphoneos;
				SWIFT_ACTIVE_COMPILATION_CONDITIONS = "DEBUG $(inherited)";
				SWIFT_OPTIMIZATION_LEVEL = "-Onone";
			};
			name = Debug;
		};
		240769152D49159900885E95 /* Release */ = {
			isa = XCBuildConfiguration;
			buildSettings = {
				ALWAYS_SEARCH_USER_PATHS = NO;
				ASSETCATALOG_COMPILER_GENERATE_SWIFT_ASSET_SYMBOL_EXTENSIONS = YES;
				CLANG_ANALYZER_NONNULL = YES;
				CLANG_ANALYZER_NUMBER_OBJECT_CONVERSION = YES_AGGRESSIVE;
				CLANG_CXX_LANGUAGE_STANDARD = "gnu++20";
				CLANG_ENABLE_MODULES = YES;
				CLANG_ENABLE_OBJC_ARC = YES;
				CLANG_ENABLE_OBJC_WEAK = YES;
				CLANG_WARN_BLOCK_CAPTURE_AUTORELEASING = YES;
				CLANG_WARN_BOOL_CONVERSION = YES;
				CLANG_WARN_COMMA = YES;
				CLANG_WARN_CONSTANT_CONVERSION = YES;
				CLANG_WARN_DEPRECATED_OBJC_IMPLEMENTATIONS = YES;
				CLANG_WARN_DIRECT_OBJC_ISA_USAGE = YES_ERROR;
				CLANG_WARN_DOCUMENTATION_COMMENTS = YES;
				CLANG_WARN_EMPTY_BODY = YES;
				CLANG_WARN_ENUM_CONVERSION = YES;
				CLANG_WARN_INFINITE_RECURSION = YES;
				CLANG_WARN_INT_CONVERSION = YES;
				CLANG_WARN_NON_LITERAL_NULL_CONVERSION = YES;
				CLANG_WARN_OBJC_IMPLICIT_RETAIN_SELF = YES;
				CLANG_WARN_OBJC_LITERAL_CONVERSION = YES;
				CLANG_WARN_OBJC_ROOT_CLASS = YES_ERROR;
				CLANG_WARN_QUOTED_INCLUDE_IN_FRAMEWORK_HEADER = YES;
				CLANG_WARN_RANGE_LOOP_ANALYSIS = YES;
				CLANG_WARN_STRICT_PROTOTYPES = YES;
				CLANG_WARN_SUSPICIOUS_MOVE = YES;
				CLANG_WARN_UNGUARDED_AVAILABILITY = YES_AGGRESSIVE;
				CLANG_WARN_UNREACHABLE_CODE = YES;
				CLANG_WARN__DUPLICATE_METHOD_MATCH = YES;
				COPY_PHASE_STRIP = NO;
				DEBUG_INFORMATION_FORMAT = "dwarf-with-dsym";
				ENABLE_NS_ASSERTIONS = NO;
				ENABLE_STRICT_OBJC_MSGSEND = YES;
				ENABLE_USER_SCRIPT_SANDBOXING = YES;
				GCC_C_LANGUAGE_STANDARD = gnu17;
				GCC_NO_COMMON_BLOCKS = YES;
				GCC_WARN_64_TO_32_BIT_CONVERSION = YES;
				GCC_WARN_ABOUT_RETURN_TYPE = YES_ERROR;
				GCC_WARN_UNDECLARED_SELECTOR = YES;
				GCC_WARN_UNINITIALIZED_AUTOS = YES_AGGRESSIVE;
				GCC_WARN_UNUSED_FUNCTION = YES;
				GCC_WARN_UNUSED_VARIABLE = YES;
				IPHONEOS_DEPLOYMENT_TARGET = 18.2;
				LOCALIZATION_PREFERS_STRING_CATALOGS = YES;
				MTL_ENABLE_DEBUG_INFO = NO;
				MTL_FAST_MATH = YES;
				SDKROOT = iphoneos;
				SWIFT_COMPILATION_MODE = wholemodule;
				VALIDATE_PRODUCT = YES;
			};
			name = Release;
		};
		240769172D49159900885E95 /* Debug */ = {
			isa = XCBuildConfiguration;
			buildSettings = {
				BUNDLE_LOADER = "$(TEST_HOST)";
				CODE_SIGN_STYLE = Automatic;
				CURRENT_PROJECT_VERSION = 1;
				DEVELOPMENT_TEAM = QN47Y6PLU8;
				GENERATE_INFOPLIST_FILE = YES;
				IPHONEOS_DEPLOYMENT_TARGET = 18.2;
				MARKETING_VERSION = 1.0;
				PRODUCT_BUNDLE_IDENTIFIER = Teach.ArchitectureTests;
				PRODUCT_NAME = "$(TARGET_NAME)";
				SWIFT_EMIT_LOC_STRINGS = NO;
				SWIFT_VERSION = 5.0;
				TARGETED_DEVICE_FAMILY = "1,2";
				TEST_HOST = "$(BUILT_PRODUCTS_DIR)/Architecture.app/$(BUNDLE_EXECUTABLE_FOLDER_PATH)/Architecture";
			};
			name = Debug;
		};
		240769182D49159900885E95 /* Release */ = {
			isa = XCBuildConfiguration;
			buildSettings = {
				BUNDLE_LOADER = "$(TEST_HOST)";
				CODE_SIGN_STYLE = Automatic;
				CURRENT_PROJECT_VERSION = 1;
				DEVELOPMENT_TEAM = QN47Y6PLU8;
				GENERATE_INFOPLIST_FILE = YES;
				IPHONEOS_DEPLOYMENT_TARGET = 18.2;
				MARKETING_VERSION = 1.0;
				PRODUCT_BUNDLE_IDENTIFIER = Teach.ArchitectureTests;
				PRODUCT_NAME = "$(TARGET_NAME)";
				SWIFT_EMIT_LOC_STRINGS = NO;
				SWIFT_VERSION = 5.0;
				TARGETED_DEVICE_FAMILY = "1,2";
				TEST_HOST = "$(BUILT_PRODUCTS_DIR)/Architecture.app/$(BUNDLE_EXECUTABLE_FOLDER_PATH)/Architecture";
			};
			name = Release;
		};
		2407691A2D49159900885E95 /* Debug */ = {
			isa = XCBuildConfiguration;
			buildSettings = {
				CODE_SIGN_STYLE = Automatic;
				CURRENT_PROJECT_VERSION = 1;
				DEVELOPMENT_TEAM = QN47Y6PLU8;
				GENERATE_INFOPLIST_FILE = YES;
				MARKETING_VERSION = 1.0;
				PRODUCT_BUNDLE_IDENTIFIER = Teach.ArchitectureUITests;
				PRODUCT_NAME = "$(TARGET_NAME)";
				SWIFT_EMIT_LOC_STRINGS = NO;
				SWIFT_VERSION = 5.0;
				TARGETED_DEVICE_FAMILY = "1,2";
				TEST_TARGET_NAME = Architecture;
			};
			name = Debug;
		};
		2407691B2D49159900885E95 /* Release */ = {
			isa = XCBuildConfiguration;
			buildSettings = {
				CODE_SIGN_STYLE = Automatic;
				CURRENT_PROJECT_VERSION = 1;
				DEVELOPMENT_TEAM = QN47Y6PLU8;
				GENERATE_INFOPLIST_FILE = YES;
				MARKETING_VERSION = 1.0;
				PRODUCT_BUNDLE_IDENTIFIER = Teach.ArchitectureUITests;
				PRODUCT_NAME = "$(TARGET_NAME)";
				SWIFT_EMIT_LOC_STRINGS = NO;
				SWIFT_VERSION = 5.0;
				TARGETED_DEVICE_FAMILY = "1,2";
				TEST_TARGET_NAME = Architecture;
			};
			name = Release;
		};
/* End XCBuildConfiguration section */

/* Begin XCConfigurationList section */
		240768E32D49159800885E95 /* Build configuration list for PBXProject "Architecture" */ = {
			isa = XCConfigurationList;
			buildConfigurations = (
				240769142D49159900885E95 /* Debug */,
				240769152D49159900885E95 /* Release */,
			);
			defaultConfigurationIsVisible = 0;
			defaultConfigurationName = Release;
		};
		240769112D49159900885E95 /* Build configuration list for PBXNativeTarget "Architecture" */ = {
			isa = XCConfigurationList;
			buildConfigurations = (
				240769122D49159900885E95 /* Debug */,
				240769132D49159900885E95 /* Release */,
			);
			defaultConfigurationIsVisible = 0;
			defaultConfigurationName = Release;
		};
		240769162D49159900885E95 /* Build configuration list for PBXNativeTarget "ArchitectureTests" */ = {
			isa = XCConfigurationList;
			buildConfigurations = (
				240769172D49159900885E95 /* Debug */,
				240769182D49159900885E95 /* Release */,
			);
			defaultConfigurationIsVisible = 0;
			defaultConfigurationName = Release;
		};
		240769192D49159900885E95 /* Build configuration list for PBXNativeTarget "ArchitectureUITests" */ = {
			isa = XCConfigurationList;
			buildConfigurations = (
				2407691A2D49159900885E95 /* Debug */,
				2407691B2D49159900885E95 /* Release */,
			);
			defaultConfigurationIsVisible = 0;
			defaultConfigurationName = Release;
		};
/* End XCConfigurationList section */

/* Begin XCLocalSwiftPackageReference section */
		2407691D2D49188700885E95 /* XCLocalSwiftPackageReference "Architecture/MyLibrary" */ = {
			isa = XCLocalSwiftPackageReference;
			relativePath = Architecture/MyLibrary;
		};
/* End XCLocalSwiftPackageReference section */
	};
	rootObject = 240768E02D49159800885E95 /* Project object */;
}
